
Microsoft Visual Studio Solution File, Format Version 12.00
# Visual Studio Version 17
VisualStudioVersion = 17.7.34221.43
MinimumVisualStudioVersion = 10.0.40219.1
Project("{FAE04EC0-301F-11D3-BF4B-00C04F79EFBC}") = "ControleDeMercadorias.API", "ControleDeMercadorias.API\ControleDeMercadorias.API.csproj", "{0B45C1D6-82FE-4878-89D7-9CD1DD392ABB}"
EndProject
Global
	GlobalSection(SolutionConfigurationPlatforms) = preSolution
		Debug|Any CPU = Debug|Any CPU
		Release|Any CPU = Release|Any CPU
	EndGlobalSection
	GlobalSection(ProjectConfigurationPlatforms) = postSolution
		{0B45C1D6-82FE-4878-89D7-9CD1DD392ABB}.Debug|Any CPU.ActiveCfg = Debug|Any CPU
		{0B45C1D6-82FE-4878-89D7-9CD1DD392ABB}.Debug|Any CPU.Build.0 = Debug|Any CPU
		{0B45C1D6-82FE-4878-89D7-9CD1DD392ABB}.Release|Any CPU.ActiveCfg = Release|Any CPU
		{0B45C1D6-82FE-4878-89D7-9CD1DD392ABB}.Release|Any CPU.Build.0 = Release|Any CPU
	EndGlobalSection
	GlobalSection(SolutionProperties) = preSolution
		HideSolutionNode = FALSE
	EndGlobalSection
	GlobalSection(ExtensibilityGlobals) = postSolution
		SolutionGuid = {6E1F141E-DD42-40CB-99F5-B2FCF485D485}
	EndGlobalSection
EndGlobal
